{
  "version": 4,
  "terraform_version": "1.4.2",
  "serial": 3,
  "lineage": "944abefe-b7b2-4b7a-2d9d-6ebbe9be61f4",
  "outputs": {},
  "resources": [
    {
      "mode": "managed",
      "type": "azurerm_resource_group",
      "name": "tp-exercise",
      "provider": "provider[\"registry.terraform.io/hashicorp/azurerm\"]",
      "instances": [
        {
          "index_key": "production",
          "schema_version": 0,
          "attributes": {
            "id": "/subscriptions/641ae132-af2a-454d-b985-964bc2c2d392/resourceGroups/production-terraform-servicebus",
            "location": "westeurope",
            "name": "production-terraform-servicebus",
            "tags": null,
            "timeouts": null
          },
          "sensitive_attributes": [],
          "private": "eyJlMmJmYjczMC1lY2FhLTExZTYtOGY4OC0zNDM2M2JjN2M0YzAiOnsiY3JlYXRlIjo1NDAwMDAwMDAwMDAwLCJkZWxldGUiOjU0MDAwMDAwMDAwMDAsInJlYWQiOjMwMDAwMDAwMDAwMCwidXBkYXRlIjo1NDAwMDAwMDAwMDAwfX0="
        },
        {
          "index_key": "staging",
          "schema_version": 0,
          "attributes": {
            "id": "/subscriptions/641ae132-af2a-454d-b985-964bc2c2d392/resourceGroups/staging-terraform-servicebus",
            "location": "westeurope",
            "name": "staging-terraform-servicebus",
            "tags": null,
            "timeouts": null
          },
          "sensitive_attributes": [],
          "private": "eyJlMmJmYjczMC1lY2FhLTExZTYtOGY4OC0zNDM2M2JjN2M0YzAiOnsiY3JlYXRlIjo1NDAwMDAwMDAwMDAwLCJkZWxldGUiOjU0MDAwMDAwMDAwMDAsInJlYWQiOjMwMDAwMDAwMDAwMCwidXBkYXRlIjo1NDAwMDAwMDAwMDAwfX0="
        },
        {
          "index_key": "test",
          "schema_version": 0,
          "attributes": {
            "id": "/subscriptions/641ae132-af2a-454d-b985-964bc2c2d392/resourceGroups/test-terraform-servicebus",
            "location": "westeurope",
            "name": "test-terraform-servicebus",
            "tags": null,
            "timeouts": null
          },
          "sensitive_attributes": [],
          "private": "eyJlMmJmYjczMC1lY2FhLTExZTYtOGY4OC0zNDM2M2JjN2M0YzAiOnsiY3JlYXRlIjo1NDAwMDAwMDAwMDAwLCJkZWxldGUiOjU0MDAwMDAwMDAwMDAsInJlYWQiOjMwMDAwMDAwMDAwMCwidXBkYXRlIjo1NDAwMDAwMDAwMDAwfX0="
        }
      ]
    }
  ],
  "check_results": null
}
