{
  "version": 4,
  "terraform_version": "1.4.2",
  "serial": 53,
  "lineage": "944abefe-b7b2-4b7a-2d9d-6ebbe9be61f4",
  "outputs": {},
  "resources": [
    {
      "mode": "managed",
      "type": "azurerm_resource_group",
      "name": "tp-exercise",
      "provider": "provider[\"registry.terraform.io/hashicorp/azurerm\"]",
      "instances": [
        {
          "index_key": "prod-a1",
          "schema_version": 0,
          "attributes": {
            "id": "/subscriptions/641ae132-af2a-454d-b985-964bc2c2d392/resourceGroups/prod-a1-terraform-servicebus",
            "location": "westeurope",
            "name": "prod-a1-terraform-servicebus",
            "tags": {},
            "timeouts": null
          },
          "sensitive_attributes": [],
          "private": "eyJlMmJmYjczMC1lY2FhLTExZTYtOGY4OC0zNDM2M2JjN2M0YzAiOnsiY3JlYXRlIjo1NDAwMDAwMDAwMDAwLCJkZWxldGUiOjU0MDAwMDAwMDAwMDAsInJlYWQiOjMwMDAwMDAwMDAwMCwidXBkYXRlIjo1NDAwMDAwMDAwMDAwfX0="
        },
        {
          "index_key": "prod-a2",
          "schema_version": 0,
          "attributes": {
            "id": "/subscriptions/641ae132-af2a-454d-b985-964bc2c2d392/resourceGroups/prod-a2-terraform-servicebus",
            "location": "westeurope",
            "name": "prod-a2-terraform-servicebus",
            "tags": {},
            "timeouts": null
          },
          "sensitive_attributes": [],
          "private": "eyJlMmJmYjczMC1lY2FhLTExZTYtOGY4OC0zNDM2M2JjN2M0YzAiOnsiY3JlYXRlIjo1NDAwMDAwMDAwMDAwLCJkZWxldGUiOjU0MDAwMDAwMDAwMDAsInJlYWQiOjMwMDAwMDAwMDAwMCwidXBkYXRlIjo1NDAwMDAwMDAwMDAwfX0="
        },
        {
          "index_key": "staging-a1",
          "schema_version": 0,
          "attributes": {
            "id": "/subscriptions/641ae132-af2a-454d-b985-964bc2c2d392/resourceGroups/staging-a1-terraform-servicebus",
            "location": "westeurope",
            "name": "staging-a1-terraform-servicebus",
            "tags": {},
            "timeouts": null
          },
          "sensitive_attributes": [],
          "private": "eyJlMmJmYjczMC1lY2FhLTExZTYtOGY4OC0zNDM2M2JjN2M0YzAiOnsiY3JlYXRlIjo1NDAwMDAwMDAwMDAwLCJkZWxldGUiOjU0MDAwMDAwMDAwMDAsInJlYWQiOjMwMDAwMDAwMDAwMCwidXBkYXRlIjo1NDAwMDAwMDAwMDAwfX0="
        },
        {
          "index_key": "staging-a2",
          "schema_version": 0,
          "attributes": {
            "id": "/subscriptions/641ae132-af2a-454d-b985-964bc2c2d392/resourceGroups/staging-a2-terraform-servicebus",
            "location": "westeurope",
            "name": "staging-a2-terraform-servicebus",
            "tags": {},
            "timeouts": null
          },
          "sensitive_attributes": [],
          "private": "eyJlMmJmYjczMC1lY2FhLTExZTYtOGY4OC0zNDM2M2JjN2M0YzAiOnsiY3JlYXRlIjo1NDAwMDAwMDAwMDAwLCJkZWxldGUiOjU0MDAwMDAwMDAwMDAsInJlYWQiOjMwMDAwMDAwMDAwMCwidXBkYXRlIjo1NDAwMDAwMDAwMDAwfX0="
        },
        {
          "index_key": "test-a1",
          "schema_version": 0,
          "attributes": {
            "id": "/subscriptions/641ae132-af2a-454d-b985-964bc2c2d392/resourceGroups/test-a1-terraform-servicebus",
            "location": "westeurope",
            "name": "test-a1-terraform-servicebus",
            "tags": {},
            "timeouts": null
          },
          "sensitive_attributes": [],
          "private": "eyJlMmJmYjczMC1lY2FhLTExZTYtOGY4OC0zNDM2M2JjN2M0YzAiOnsiY3JlYXRlIjo1NDAwMDAwMDAwMDAwLCJkZWxldGUiOjU0MDAwMDAwMDAwMDAsInJlYWQiOjMwMDAwMDAwMDAwMCwidXBkYXRlIjo1NDAwMDAwMDAwMDAwfX0="
        },
        {
          "index_key": "test-a2",
          "schema_version": 0,
          "attributes": {
            "id": "/subscriptions/641ae132-af2a-454d-b985-964bc2c2d392/resourceGroups/test-a2-terraform-servicebus",
            "location": "westeurope",
            "name": "test-a2-terraform-servicebus",
            "tags": {},
            "timeouts": null
          },
          "sensitive_attributes": [],
          "private": "eyJlMmJmYjczMC1lY2FhLTExZTYtOGY4OC0zNDM2M2JjN2M0YzAiOnsiY3JlYXRlIjo1NDAwMDAwMDAwMDAwLCJkZWxldGUiOjU0MDAwMDAwMDAwMDAsInJlYWQiOjMwMDAwMDAwMDAwMCwidXBkYXRlIjo1NDAwMDAwMDAwMDAwfX0="
        }
      ]
    },
    {
      "mode": "managed",
      "type": "azurerm_servicebus_namespace",
      "name": "tp-exercise",
      "provider": "provider[\"registry.terraform.io/hashicorp/azurerm\"]",
      "instances": [
        {
          "index_key": "prod-a1",
          "schema_version": 1,
          "attributes": {
            "capacity": 0,
            "default_primary_connection_string": "Endpoint=sb://prod-a1-servicebus-namespace.servicebus.windows.net/;SharedAccessKeyName=RootManageSharedAccessKey;SharedAccessKey=yYj5MlXXVH+5Ct9nmTs8R2YfZ4G5ggikt+ASbPfSscI=",
            "default_primary_key": "yYj5MlXXVH+5Ct9nmTs8R2YfZ4G5ggikt+ASbPfSscI=",
            "default_secondary_connection_string": "Endpoint=sb://prod-a1-servicebus-namespace.servicebus.windows.net/;SharedAccessKeyName=RootManageSharedAccessKey;SharedAccessKey=d8BTkwQmbqjnlV56bIAE1zLvCbh4rD4WC+ASbK4otFU=",
            "default_secondary_key": "d8BTkwQmbqjnlV56bIAE1zLvCbh4rD4WC+ASbK4otFU=",
            "id": "/subscriptions/641ae132-af2a-454d-b985-964bc2c2d392/resourceGroups/prod-a1-terraform-servicebus/providers/Microsoft.ServiceBus/namespaces/prod-a1-servicebus-namespace",
            "identity": [],
            "location": "westeurope",
            "name": "prod-a1-servicebus-namespace",
            "resource_group_name": "prod-a1-terraform-servicebus",
            "sku": "Standard",
            "tags": {
              "costcentre": "terraform",
              "procuctname": "tp-exercise"
            },
            "timeouts": null,
            "zone_redundant": false
          },
          "sensitive_attributes": [],
          "private": "eyJlMmJmYjczMC1lY2FhLTExZTYtOGY4OC0zNDM2M2JjN2M0YzAiOnsiY3JlYXRlIjoxODAwMDAwMDAwMDAwLCJkZWxldGUiOjE4MDAwMDAwMDAwMDAsInJlYWQiOjMwMDAwMDAwMDAwMCwidXBkYXRlIjoxODAwMDAwMDAwMDAwfSwic2NoZW1hX3ZlcnNpb24iOiIxIn0="
        },
        {
          "index_key": "prod-a2",
          "schema_version": 1,
          "attributes": {
            "capacity": 0,
            "default_primary_connection_string": "Endpoint=sb://prod-a2-servicebus-namespace.servicebus.windows.net/;SharedAccessKeyName=RootManageSharedAccessKey;SharedAccessKey=G68WJbaNxEV/pCitihfyB0DCCIwUuSjju+ASbO3KhJg=",
            "default_primary_key": "G68WJbaNxEV/pCitihfyB0DCCIwUuSjju+ASbO3KhJg=",
            "default_secondary_connection_string": "Endpoint=sb://prod-a2-servicebus-namespace.servicebus.windows.net/;SharedAccessKeyName=RootManageSharedAccessKey;SharedAccessKey=Ei3+sG2FsKOm2JKqxknIkLcMr+MjwsF5f+ASbIyUGzw=",
            "default_secondary_key": "Ei3+sG2FsKOm2JKqxknIkLcMr+MjwsF5f+ASbIyUGzw=",
            "id": "/subscriptions/641ae132-af2a-454d-b985-964bc2c2d392/resourceGroups/prod-a2-terraform-servicebus/providers/Microsoft.ServiceBus/namespaces/prod-a2-servicebus-namespace",
            "identity": [],
            "location": "westeurope",
            "name": "prod-a2-servicebus-namespace",
            "resource_group_name": "prod-a2-terraform-servicebus",
            "sku": "Standard",
            "tags": {
              "costcentre": "terraform",
              "procuctname": "tp-exercise"
            },
            "timeouts": null,
            "zone_redundant": false
          },
          "sensitive_attributes": [],
          "private": "eyJlMmJmYjczMC1lY2FhLTExZTYtOGY4OC0zNDM2M2JjN2M0YzAiOnsiY3JlYXRlIjoxODAwMDAwMDAwMDAwLCJkZWxldGUiOjE4MDAwMDAwMDAwMDAsInJlYWQiOjMwMDAwMDAwMDAwMCwidXBkYXRlIjoxODAwMDAwMDAwMDAwfSwic2NoZW1hX3ZlcnNpb24iOiIxIn0="
        },
        {
          "index_key": "staging-a1",
          "schema_version": 1,
          "attributes": {
            "capacity": 0,
            "default_primary_connection_string": "Endpoint=sb://staging-a1-servicebus-namespace.servicebus.windows.net/;SharedAccessKeyName=RootManageSharedAccessKey;SharedAccessKey=r6EIXcwHjr0eaKRYNCicD2ELgDIJf6Dum+ASbAth+K8=",
            "default_primary_key": "r6EIXcwHjr0eaKRYNCicD2ELgDIJf6Dum+ASbAth+K8=",
            "default_secondary_connection_string": "Endpoint=sb://staging-a1-servicebus-namespace.servicebus.windows.net/;SharedAccessKeyName=RootManageSharedAccessKey;SharedAccessKey=jNUMt5ot5lDC2AJSDnUmL3BxCVuD7Udue+ASbMfFQ04=",
            "default_secondary_key": "jNUMt5ot5lDC2AJSDnUmL3BxCVuD7Udue+ASbMfFQ04=",
            "id": "/subscriptions/641ae132-af2a-454d-b985-964bc2c2d392/resourceGroups/staging-a1-terraform-servicebus/providers/Microsoft.ServiceBus/namespaces/staging-a1-servicebus-namespace",
            "identity": [],
            "location": "westeurope",
            "name": "staging-a1-servicebus-namespace",
            "resource_group_name": "staging-a1-terraform-servicebus",
            "sku": "Standard",
            "tags": {
              "costcentre": "terraform",
              "procuctname": "tp-exercise"
            },
            "timeouts": null,
            "zone_redundant": false
          },
          "sensitive_attributes": [],
          "private": "eyJlMmJmYjczMC1lY2FhLTExZTYtOGY4OC0zNDM2M2JjN2M0YzAiOnsiY3JlYXRlIjoxODAwMDAwMDAwMDAwLCJkZWxldGUiOjE4MDAwMDAwMDAwMDAsInJlYWQiOjMwMDAwMDAwMDAwMCwidXBkYXRlIjoxODAwMDAwMDAwMDAwfSwic2NoZW1hX3ZlcnNpb24iOiIxIn0="
        },
        {
          "index_key": "staging-a2",
          "schema_version": 1,
          "attributes": {
            "capacity": 0,
            "default_primary_connection_string": "Endpoint=sb://staging-a2-servicebus-namespace.servicebus.windows.net/;SharedAccessKeyName=RootManageSharedAccessKey;SharedAccessKey=nkktK2FSCIITYMl8fo/yIQX/qwBkc23jp+ASbG1Vdz4=",
            "default_primary_key": "nkktK2FSCIITYMl8fo/yIQX/qwBkc23jp+ASbG1Vdz4=",
            "default_secondary_connection_string": "Endpoint=sb://staging-a2-servicebus-namespace.servicebus.windows.net/;SharedAccessKeyName=RootManageSharedAccessKey;SharedAccessKey=i8qqP/fbcNTrucYCvw44WtQfsoGvircEe+ASbAiQ0Ps=",
            "default_secondary_key": "i8qqP/fbcNTrucYCvw44WtQfsoGvircEe+ASbAiQ0Ps=",
            "id": "/subscriptions/641ae132-af2a-454d-b985-964bc2c2d392/resourceGroups/staging-a2-terraform-servicebus/providers/Microsoft.ServiceBus/namespaces/staging-a2-servicebus-namespace",
            "identity": [],
            "location": "westeurope",
            "name": "staging-a2-servicebus-namespace",
            "resource_group_name": "staging-a2-terraform-servicebus",
            "sku": "Standard",
            "tags": {
              "costcentre": "terraform",
              "procuctname": "tp-exercise"
            },
            "timeouts": null,
            "zone_redundant": false
          },
          "sensitive_attributes": [],
          "private": "eyJlMmJmYjczMC1lY2FhLTExZTYtOGY4OC0zNDM2M2JjN2M0YzAiOnsiY3JlYXRlIjoxODAwMDAwMDAwMDAwLCJkZWxldGUiOjE4MDAwMDAwMDAwMDAsInJlYWQiOjMwMDAwMDAwMDAwMCwidXBkYXRlIjoxODAwMDAwMDAwMDAwfSwic2NoZW1hX3ZlcnNpb24iOiIxIn0="
        },
        {
          "index_key": "test-a1",
          "schema_version": 1,
          "attributes": {
            "capacity": 0,
            "default_primary_connection_string": "Endpoint=sb://test-a1-servicebus-namespace.servicebus.windows.net/;SharedAccessKeyName=RootManageSharedAccessKey;SharedAccessKey=h54vis/dZOd/NnzARZxmREPL+hTD2JL5f+ASbApoPgw=",
            "default_primary_key": "h54vis/dZOd/NnzARZxmREPL+hTD2JL5f+ASbApoPgw=",
            "default_secondary_connection_string": "Endpoint=sb://test-a1-servicebus-namespace.servicebus.windows.net/;SharedAccessKeyName=RootManageSharedAccessKey;SharedAccessKey=kDnaavC2olU1j4o/+2jW1ml2GDgo3rj33+ASbL5GLoQ=",
            "default_secondary_key": "kDnaavC2olU1j4o/+2jW1ml2GDgo3rj33+ASbL5GLoQ=",
            "id": "/subscriptions/641ae132-af2a-454d-b985-964bc2c2d392/resourceGroups/test-a1-terraform-servicebus/providers/Microsoft.ServiceBus/namespaces/test-a1-servicebus-namespace",
            "identity": [],
            "location": "westeurope",
            "name": "test-a1-servicebus-namespace",
            "resource_group_name": "test-a1-terraform-servicebus",
            "sku": "Standard",
            "tags": {
              "costcentre": "terraform",
              "procuctname": "tp-exercise"
            },
            "timeouts": null,
            "zone_redundant": false
          },
          "sensitive_attributes": [],
          "private": "eyJlMmJmYjczMC1lY2FhLTExZTYtOGY4OC0zNDM2M2JjN2M0YzAiOnsiY3JlYXRlIjoxODAwMDAwMDAwMDAwLCJkZWxldGUiOjE4MDAwMDAwMDAwMDAsInJlYWQiOjMwMDAwMDAwMDAwMCwidXBkYXRlIjoxODAwMDAwMDAwMDAwfSwic2NoZW1hX3ZlcnNpb24iOiIxIn0="
        },
        {
          "index_key": "test-a2",
          "schema_version": 1,
          "attributes": {
            "capacity": 0,
            "default_primary_connection_string": "Endpoint=sb://test-a2-servicebus-namespace.servicebus.windows.net/;SharedAccessKeyName=RootManageSharedAccessKey;SharedAccessKey=ji97krbjBk07elQD6TKQ3WuhwyyvYYNDm+ASbLrxGXE=",
            "default_primary_key": "ji97krbjBk07elQD6TKQ3WuhwyyvYYNDm+ASbLrxGXE=",
            "default_secondary_connection_string": "Endpoint=sb://test-a2-servicebus-namespace.servicebus.windows.net/;SharedAccessKeyName=RootManageSharedAccessKey;SharedAccessKey=cqNSPO9bmV3Xrjq0XTglg6O8HXMJImOdH+ASbDdkklA=",
            "default_secondary_key": "cqNSPO9bmV3Xrjq0XTglg6O8HXMJImOdH+ASbDdkklA=",
            "id": "/subscriptions/641ae132-af2a-454d-b985-964bc2c2d392/resourceGroups/test-a2-terraform-servicebus/providers/Microsoft.ServiceBus/namespaces/test-a2-servicebus-namespace",
            "identity": [],
            "location": "westeurope",
            "name": "test-a2-servicebus-namespace",
            "resource_group_name": "test-a2-terraform-servicebus",
            "sku": "Standard",
            "tags": {
              "costcentre": "terraform",
              "procuctname": "tp-exercise"
            },
            "timeouts": null,
            "zone_redundant": false
          },
          "sensitive_attributes": [],
          "private": "eyJlMmJmYjczMC1lY2FhLTExZTYtOGY4OC0zNDM2M2JjN2M0YzAiOnsiY3JlYXRlIjoxODAwMDAwMDAwMDAwLCJkZWxldGUiOjE4MDAwMDAwMDAwMDAsInJlYWQiOjMwMDAwMDAwMDAwMCwidXBkYXRlIjoxODAwMDAwMDAwMDAwfSwic2NoZW1hX3ZlcnNpb24iOiIxIn0="
        }
      ]
    },
    {
      "mode": "managed",
      "type": "azurerm_servicebus_queue",
      "name": "tp-exercise",
      "provider": "provider[\"registry.terraform.io/hashicorp/azurerm\"]",
      "instances": [
        {
          "index_key": "prod-a1-q11",
          "schema_version": 0,
          "attributes": {
            "auto_delete_on_idle": "P10675199DT2H48M5.4775807S",
            "dead_lettering_on_message_expiration": false,
            "default_message_ttl": "P10675199DT2H48M5.4775807S",
            "duplicate_detection_history_time_window": "PT10M",
            "enable_batched_operations": true,
            "enable_express": false,
            "enable_partitioning": true,
            "forward_dead_lettered_messages_to": "",
            "forward_to": "",
            "id": "/subscriptions/641ae132-af2a-454d-b985-964bc2c2d392/resourceGroups/prod-a1-terraform-servicebus/providers/Microsoft.ServiceBus/namespaces/prod-a1-servicebus-namespace/queues/prod-a1-q11_servicebus_queue",
            "lock_duration": "PT1M",
            "max_delivery_count": 10,
            "max_message_size_in_kilobytes": 256,
            "max_size_in_megabytes": 5120,
            "name": "prod-a1-q11_servicebus_queue",
            "namespace_id": "/subscriptions/641ae132-af2a-454d-b985-964bc2c2d392/resourceGroups/prod-a1-terraform-servicebus/providers/Microsoft.ServiceBus/namespaces/prod-a1-servicebus-namespace",
            "namespace_name": "prod-a1-servicebus-namespace",
            "requires_duplicate_detection": false,
            "requires_session": false,
            "resource_group_name": "prod-a1-terraform-servicebus",
            "status": "Active",
            "timeouts": null
          },
          "sensitive_attributes": [],
          "private": "eyJlMmJmYjczMC1lY2FhLTExZTYtOGY4OC0zNDM2M2JjN2M0YzAiOnsiY3JlYXRlIjoxODAwMDAwMDAwMDAwLCJkZWxldGUiOjE4MDAwMDAwMDAwMDAsInJlYWQiOjMwMDAwMDAwMDAwMCwidXBkYXRlIjoxODAwMDAwMDAwMDAwfX0=",
          "dependencies": [
            "azurerm_servicebus_namespace.tp-exercise"
          ]
        },
        {
          "index_key": "prod-a1-q12",
          "schema_version": 0,
          "attributes": {
            "auto_delete_on_idle": "P10675199DT2H48M5.4775807S",
            "dead_lettering_on_message_expiration": false,
            "default_message_ttl": "P10675199DT2H48M5.4775807S",
            "duplicate_detection_history_time_window": "PT10M",
            "enable_batched_operations": true,
            "enable_express": false,
            "enable_partitioning": true,
            "forward_dead_lettered_messages_to": "",
            "forward_to": "",
            "id": "/subscriptions/641ae132-af2a-454d-b985-964bc2c2d392/resourceGroups/prod-a1-terraform-servicebus/providers/Microsoft.ServiceBus/namespaces/prod-a1-servicebus-namespace/queues/prod-a1-q12_servicebus_queue",
            "lock_duration": "PT1M",
            "max_delivery_count": 10,
            "max_message_size_in_kilobytes": 256,
            "max_size_in_megabytes": 5120,
            "name": "prod-a1-q12_servicebus_queue",
            "namespace_id": "/subscriptions/641ae132-af2a-454d-b985-964bc2c2d392/resourceGroups/prod-a1-terraform-servicebus/providers/Microsoft.ServiceBus/namespaces/prod-a1-servicebus-namespace",
            "namespace_name": "prod-a1-servicebus-namespace",
            "requires_duplicate_detection": false,
            "requires_session": false,
            "resource_group_name": "prod-a1-terraform-servicebus",
            "status": "Active",
            "timeouts": null
          },
          "sensitive_attributes": [],
          "private": "eyJlMmJmYjczMC1lY2FhLTExZTYtOGY4OC0zNDM2M2JjN2M0YzAiOnsiY3JlYXRlIjoxODAwMDAwMDAwMDAwLCJkZWxldGUiOjE4MDAwMDAwMDAwMDAsInJlYWQiOjMwMDAwMDAwMDAwMCwidXBkYXRlIjoxODAwMDAwMDAwMDAwfX0=",
          "dependencies": [
            "azurerm_servicebus_namespace.tp-exercise"
          ]
        },
        {
          "index_key": "prod-a2-q21",
          "schema_version": 0,
          "attributes": {
            "auto_delete_on_idle": "P10675199DT2H48M5.4775807S",
            "dead_lettering_on_message_expiration": false,
            "default_message_ttl": "P10675199DT2H48M5.4775807S",
            "duplicate_detection_history_time_window": "PT10M",
            "enable_batched_operations": true,
            "enable_express": false,
            "enable_partitioning": true,
            "forward_dead_lettered_messages_to": "",
            "forward_to": "",
            "id": "/subscriptions/641ae132-af2a-454d-b985-964bc2c2d392/resourceGroups/prod-a2-terraform-servicebus/providers/Microsoft.ServiceBus/namespaces/prod-a2-servicebus-namespace/queues/prod-a2-q21_servicebus_queue",
            "lock_duration": "PT1M",
            "max_delivery_count": 10,
            "max_message_size_in_kilobytes": 256,
            "max_size_in_megabytes": 5120,
            "name": "prod-a2-q21_servicebus_queue",
            "namespace_id": "/subscriptions/641ae132-af2a-454d-b985-964bc2c2d392/resourceGroups/prod-a2-terraform-servicebus/providers/Microsoft.ServiceBus/namespaces/prod-a2-servicebus-namespace",
            "namespace_name": "prod-a2-servicebus-namespace",
            "requires_duplicate_detection": false,
            "requires_session": false,
            "resource_group_name": "prod-a2-terraform-servicebus",
            "status": "Active",
            "timeouts": null
          },
          "sensitive_attributes": [],
          "private": "eyJlMmJmYjczMC1lY2FhLTExZTYtOGY4OC0zNDM2M2JjN2M0YzAiOnsiY3JlYXRlIjoxODAwMDAwMDAwMDAwLCJkZWxldGUiOjE4MDAwMDAwMDAwMDAsInJlYWQiOjMwMDAwMDAwMDAwMCwidXBkYXRlIjoxODAwMDAwMDAwMDAwfX0=",
          "dependencies": [
            "azurerm_servicebus_namespace.tp-exercise"
          ]
        },
        {
          "index_key": "prod-a2-q22",
          "schema_version": 0,
          "attributes": {
            "auto_delete_on_idle": "P10675199DT2H48M5.4775807S",
            "dead_lettering_on_message_expiration": false,
            "default_message_ttl": "P10675199DT2H48M5.4775807S",
            "duplicate_detection_history_time_window": "PT10M",
            "enable_batched_operations": true,
            "enable_express": false,
            "enable_partitioning": true,
            "forward_dead_lettered_messages_to": "",
            "forward_to": "",
            "id": "/subscriptions/641ae132-af2a-454d-b985-964bc2c2d392/resourceGroups/prod-a2-terraform-servicebus/providers/Microsoft.ServiceBus/namespaces/prod-a2-servicebus-namespace/queues/prod-a2-q22_servicebus_queue",
            "lock_duration": "PT1M",
            "max_delivery_count": 10,
            "max_message_size_in_kilobytes": 256,
            "max_size_in_megabytes": 5120,
            "name": "prod-a2-q22_servicebus_queue",
            "namespace_id": "/subscriptions/641ae132-af2a-454d-b985-964bc2c2d392/resourceGroups/prod-a2-terraform-servicebus/providers/Microsoft.ServiceBus/namespaces/prod-a2-servicebus-namespace",
            "namespace_name": "prod-a2-servicebus-namespace",
            "requires_duplicate_detection": false,
            "requires_session": false,
            "resource_group_name": "prod-a2-terraform-servicebus",
            "status": "Active",
            "timeouts": null
          },
          "sensitive_attributes": [],
          "private": "eyJlMmJmYjczMC1lY2FhLTExZTYtOGY4OC0zNDM2M2JjN2M0YzAiOnsiY3JlYXRlIjoxODAwMDAwMDAwMDAwLCJkZWxldGUiOjE4MDAwMDAwMDAwMDAsInJlYWQiOjMwMDAwMDAwMDAwMCwidXBkYXRlIjoxODAwMDAwMDAwMDAwfX0=",
          "dependencies": [
            "azurerm_servicebus_namespace.tp-exercise"
          ]
        },
        {
          "index_key": "staging-a1-q11",
          "schema_version": 0,
          "attributes": {
            "auto_delete_on_idle": "P10675199DT2H48M5.4775807S",
            "dead_lettering_on_message_expiration": false,
            "default_message_ttl": "P10675199DT2H48M5.4775807S",
            "duplicate_detection_history_time_window": "PT10M",
            "enable_batched_operations": true,
            "enable_express": false,
            "enable_partitioning": true,
            "forward_dead_lettered_messages_to": "",
            "forward_to": "",
            "id": "/subscriptions/641ae132-af2a-454d-b985-964bc2c2d392/resourceGroups/staging-a1-terraform-servicebus/providers/Microsoft.ServiceBus/namespaces/staging-a1-servicebus-namespace/queues/staging-a1-q11_servicebus_queue",
            "lock_duration": "PT1M",
            "max_delivery_count": 10,
            "max_message_size_in_kilobytes": 256,
            "max_size_in_megabytes": 5120,
            "name": "staging-a1-q11_servicebus_queue",
            "namespace_id": "/subscriptions/641ae132-af2a-454d-b985-964bc2c2d392/resourceGroups/staging-a1-terraform-servicebus/providers/Microsoft.ServiceBus/namespaces/staging-a1-servicebus-namespace",
            "namespace_name": "staging-a1-servicebus-namespace",
            "requires_duplicate_detection": false,
            "requires_session": false,
            "resource_group_name": "staging-a1-terraform-servicebus",
            "status": "Active",
            "timeouts": null
          },
          "sensitive_attributes": [],
          "private": "eyJlMmJmYjczMC1lY2FhLTExZTYtOGY4OC0zNDM2M2JjN2M0YzAiOnsiY3JlYXRlIjoxODAwMDAwMDAwMDAwLCJkZWxldGUiOjE4MDAwMDAwMDAwMDAsInJlYWQiOjMwMDAwMDAwMDAwMCwidXBkYXRlIjoxODAwMDAwMDAwMDAwfX0=",
          "dependencies": [
            "azurerm_servicebus_namespace.tp-exercise"
          ]
        },
        {
          "index_key": "staging-a1-q12",
          "schema_version": 0,
          "attributes": {
            "auto_delete_on_idle": "P10675199DT2H48M5.4775807S",
            "dead_lettering_on_message_expiration": false,
            "default_message_ttl": "P10675199DT2H48M5.4775807S",
            "duplicate_detection_history_time_window": "PT10M",
            "enable_batched_operations": true,
            "enable_express": false,
            "enable_partitioning": true,
            "forward_dead_lettered_messages_to": "",
            "forward_to": "",
            "id": "/subscriptions/641ae132-af2a-454d-b985-964bc2c2d392/resourceGroups/staging-a1-terraform-servicebus/providers/Microsoft.ServiceBus/namespaces/staging-a1-servicebus-namespace/queues/staging-a1-q12_servicebus_queue",
            "lock_duration": "PT1M",
            "max_delivery_count": 10,
            "max_message_size_in_kilobytes": 256,
            "max_size_in_megabytes": 5120,
            "name": "staging-a1-q12_servicebus_queue",
            "namespace_id": "/subscriptions/641ae132-af2a-454d-b985-964bc2c2d392/resourceGroups/staging-a1-terraform-servicebus/providers/Microsoft.ServiceBus/namespaces/staging-a1-servicebus-namespace",
            "namespace_name": "staging-a1-servicebus-namespace",
            "requires_duplicate_detection": false,
            "requires_session": false,
            "resource_group_name": "staging-a1-terraform-servicebus",
            "status": "Active",
            "timeouts": null
          },
          "sensitive_attributes": [],
          "private": "eyJlMmJmYjczMC1lY2FhLTExZTYtOGY4OC0zNDM2M2JjN2M0YzAiOnsiY3JlYXRlIjoxODAwMDAwMDAwMDAwLCJkZWxldGUiOjE4MDAwMDAwMDAwMDAsInJlYWQiOjMwMDAwMDAwMDAwMCwidXBkYXRlIjoxODAwMDAwMDAwMDAwfX0=",
          "dependencies": [
            "azurerm_servicebus_namespace.tp-exercise"
          ]
        },
        {
          "index_key": "staging-a2-q21",
          "schema_version": 0,
          "attributes": {
            "auto_delete_on_idle": "P10675199DT2H48M5.4775807S",
            "dead_lettering_on_message_expiration": false,
            "default_message_ttl": "P10675199DT2H48M5.4775807S",
            "duplicate_detection_history_time_window": "PT10M",
            "enable_batched_operations": true,
            "enable_express": false,
            "enable_partitioning": true,
            "forward_dead_lettered_messages_to": "",
            "forward_to": "",
            "id": "/subscriptions/641ae132-af2a-454d-b985-964bc2c2d392/resourceGroups/staging-a2-terraform-servicebus/providers/Microsoft.ServiceBus/namespaces/staging-a2-servicebus-namespace/queues/staging-a2-q21_servicebus_queue",
            "lock_duration": "PT1M",
            "max_delivery_count": 10,
            "max_message_size_in_kilobytes": 256,
            "max_size_in_megabytes": 5120,
            "name": "staging-a2-q21_servicebus_queue",
            "namespace_id": "/subscriptions/641ae132-af2a-454d-b985-964bc2c2d392/resourceGroups/staging-a2-terraform-servicebus/providers/Microsoft.ServiceBus/namespaces/staging-a2-servicebus-namespace",
            "namespace_name": "staging-a2-servicebus-namespace",
            "requires_duplicate_detection": false,
            "requires_session": false,
            "resource_group_name": "staging-a2-terraform-servicebus",
            "status": "Active",
            "timeouts": null
          },
          "sensitive_attributes": [],
          "private": "eyJlMmJmYjczMC1lY2FhLTExZTYtOGY4OC0zNDM2M2JjN2M0YzAiOnsiY3JlYXRlIjoxODAwMDAwMDAwMDAwLCJkZWxldGUiOjE4MDAwMDAwMDAwMDAsInJlYWQiOjMwMDAwMDAwMDAwMCwidXBkYXRlIjoxODAwMDAwMDAwMDAwfX0=",
          "dependencies": [
            "azurerm_servicebus_namespace.tp-exercise"
          ]
        },
        {
          "index_key": "staging-a2-q22",
          "schema_version": 0,
          "attributes": {
            "auto_delete_on_idle": "P10675199DT2H48M5.4775807S",
            "dead_lettering_on_message_expiration": false,
            "default_message_ttl": "P10675199DT2H48M5.4775807S",
            "duplicate_detection_history_time_window": "PT10M",
            "enable_batched_operations": true,
            "enable_express": false,
            "enable_partitioning": true,
            "forward_dead_lettered_messages_to": "",
            "forward_to": "",
            "id": "/subscriptions/641ae132-af2a-454d-b985-964bc2c2d392/resourceGroups/staging-a2-terraform-servicebus/providers/Microsoft.ServiceBus/namespaces/staging-a2-servicebus-namespace/queues/staging-a2-q22_servicebus_queue",
            "lock_duration": "PT1M",
            "max_delivery_count": 10,
            "max_message_size_in_kilobytes": 256,
            "max_size_in_megabytes": 5120,
            "name": "staging-a2-q22_servicebus_queue",
            "namespace_id": "/subscriptions/641ae132-af2a-454d-b985-964bc2c2d392/resourceGroups/staging-a2-terraform-servicebus/providers/Microsoft.ServiceBus/namespaces/staging-a2-servicebus-namespace",
            "namespace_name": "staging-a2-servicebus-namespace",
            "requires_duplicate_detection": false,
            "requires_session": false,
            "resource_group_name": "staging-a2-terraform-servicebus",
            "status": "Active",
            "timeouts": null
          },
          "sensitive_attributes": [],
          "private": "eyJlMmJmYjczMC1lY2FhLTExZTYtOGY4OC0zNDM2M2JjN2M0YzAiOnsiY3JlYXRlIjoxODAwMDAwMDAwMDAwLCJkZWxldGUiOjE4MDAwMDAwMDAwMDAsInJlYWQiOjMwMDAwMDAwMDAwMCwidXBkYXRlIjoxODAwMDAwMDAwMDAwfX0=",
          "dependencies": [
            "azurerm_servicebus_namespace.tp-exercise"
          ]
        },
        {
          "index_key": "test-a1-q11",
          "schema_version": 0,
          "attributes": {
            "auto_delete_on_idle": "P10675199DT2H48M5.4775807S",
            "dead_lettering_on_message_expiration": false,
            "default_message_ttl": "P10675199DT2H48M5.4775807S",
            "duplicate_detection_history_time_window": "PT10M",
            "enable_batched_operations": true,
            "enable_express": false,
            "enable_partitioning": true,
            "forward_dead_lettered_messages_to": "",
            "forward_to": "",
            "id": "/subscriptions/641ae132-af2a-454d-b985-964bc2c2d392/resourceGroups/test-a1-terraform-servicebus/providers/Microsoft.ServiceBus/namespaces/test-a1-servicebus-namespace/queues/test-a1-q11_servicebus_queue",
            "lock_duration": "PT1M",
            "max_delivery_count": 10,
            "max_message_size_in_kilobytes": 256,
            "max_size_in_megabytes": 5120,
            "name": "test-a1-q11_servicebus_queue",
            "namespace_id": "/subscriptions/641ae132-af2a-454d-b985-964bc2c2d392/resourceGroups/test-a1-terraform-servicebus/providers/Microsoft.ServiceBus/namespaces/test-a1-servicebus-namespace",
            "namespace_name": "test-a1-servicebus-namespace",
            "requires_duplicate_detection": false,
            "requires_session": false,
            "resource_group_name": "test-a1-terraform-servicebus",
            "status": "Active",
            "timeouts": null
          },
          "sensitive_attributes": [],
          "private": "eyJlMmJmYjczMC1lY2FhLTExZTYtOGY4OC0zNDM2M2JjN2M0YzAiOnsiY3JlYXRlIjoxODAwMDAwMDAwMDAwLCJkZWxldGUiOjE4MDAwMDAwMDAwMDAsInJlYWQiOjMwMDAwMDAwMDAwMCwidXBkYXRlIjoxODAwMDAwMDAwMDAwfX0=",
          "dependencies": [
            "azurerm_servicebus_namespace.tp-exercise"
          ]
        },
        {
          "index_key": "test-a1-q12",
          "schema_version": 0,
          "attributes": {
            "auto_delete_on_idle": "P10675199DT2H48M5.4775807S",
            "dead_lettering_on_message_expiration": false,
            "default_message_ttl": "P10675199DT2H48M5.4775807S",
            "duplicate_detection_history_time_window": "PT10M",
            "enable_batched_operations": true,
            "enable_express": false,
            "enable_partitioning": true,
            "forward_dead_lettered_messages_to": "",
            "forward_to": "",
            "id": "/subscriptions/641ae132-af2a-454d-b985-964bc2c2d392/resourceGroups/test-a1-terraform-servicebus/providers/Microsoft.ServiceBus/namespaces/test-a1-servicebus-namespace/queues/test-a1-q12_servicebus_queue",
            "lock_duration": "PT1M",
            "max_delivery_count": 10,
            "max_message_size_in_kilobytes": 256,
            "max_size_in_megabytes": 5120,
            "name": "test-a1-q12_servicebus_queue",
            "namespace_id": "/subscriptions/641ae132-af2a-454d-b985-964bc2c2d392/resourceGroups/test-a1-terraform-servicebus/providers/Microsoft.ServiceBus/namespaces/test-a1-servicebus-namespace",
            "namespace_name": "test-a1-servicebus-namespace",
            "requires_duplicate_detection": false,
            "requires_session": false,
            "resource_group_name": "test-a1-terraform-servicebus",
            "status": "Active",
            "timeouts": null
          },
          "sensitive_attributes": [],
          "private": "eyJlMmJmYjczMC1lY2FhLTExZTYtOGY4OC0zNDM2M2JjN2M0YzAiOnsiY3JlYXRlIjoxODAwMDAwMDAwMDAwLCJkZWxldGUiOjE4MDAwMDAwMDAwMDAsInJlYWQiOjMwMDAwMDAwMDAwMCwidXBkYXRlIjoxODAwMDAwMDAwMDAwfX0=",
          "dependencies": [
            "azurerm_servicebus_namespace.tp-exercise"
          ]
        },
        {
          "index_key": "test-a2-q21",
          "schema_version": 0,
          "attributes": {
            "auto_delete_on_idle": "P10675199DT2H48M5.4775807S",
            "dead_lettering_on_message_expiration": false,
            "default_message_ttl": "P10675199DT2H48M5.4775807S",
            "duplicate_detection_history_time_window": "PT10M",
            "enable_batched_operations": true,
            "enable_express": false,
            "enable_partitioning": true,
            "forward_dead_lettered_messages_to": "",
            "forward_to": "",
            "id": "/subscriptions/641ae132-af2a-454d-b985-964bc2c2d392/resourceGroups/test-a2-terraform-servicebus/providers/Microsoft.ServiceBus/namespaces/test-a2-servicebus-namespace/queues/test-a2-q21_servicebus_queue",
            "lock_duration": "PT1M",
            "max_delivery_count": 10,
            "max_message_size_in_kilobytes": 256,
            "max_size_in_megabytes": 5120,
            "name": "test-a2-q21_servicebus_queue",
            "namespace_id": "/subscriptions/641ae132-af2a-454d-b985-964bc2c2d392/resourceGroups/test-a2-terraform-servicebus/providers/Microsoft.ServiceBus/namespaces/test-a2-servicebus-namespace",
            "namespace_name": "test-a2-servicebus-namespace",
            "requires_duplicate_detection": false,
            "requires_session": false,
            "resource_group_name": "test-a2-terraform-servicebus",
            "status": "Active",
            "timeouts": null
          },
          "sensitive_attributes": [],
          "private": "eyJlMmJmYjczMC1lY2FhLTExZTYtOGY4OC0zNDM2M2JjN2M0YzAiOnsiY3JlYXRlIjoxODAwMDAwMDAwMDAwLCJkZWxldGUiOjE4MDAwMDAwMDAwMDAsInJlYWQiOjMwMDAwMDAwMDAwMCwidXBkYXRlIjoxODAwMDAwMDAwMDAwfX0=",
          "dependencies": [
            "azurerm_servicebus_namespace.tp-exercise"
          ]
        },
        {
          "index_key": "test-a2-q22",
          "schema_version": 0,
          "attributes": {
            "auto_delete_on_idle": "P10675199DT2H48M5.4775807S",
            "dead_lettering_on_message_expiration": false,
            "default_message_ttl": "P10675199DT2H48M5.4775807S",
            "duplicate_detection_history_time_window": "PT10M",
            "enable_batched_operations": true,
            "enable_express": false,
            "enable_partitioning": true,
            "forward_dead_lettered_messages_to": "",
            "forward_to": "",
            "id": "/subscriptions/641ae132-af2a-454d-b985-964bc2c2d392/resourceGroups/test-a2-terraform-servicebus/providers/Microsoft.ServiceBus/namespaces/test-a2-servicebus-namespace/queues/test-a2-q22_servicebus_queue",
            "lock_duration": "PT1M",
            "max_delivery_count": 10,
            "max_message_size_in_kilobytes": 256,
            "max_size_in_megabytes": 5120,
            "name": "test-a2-q22_servicebus_queue",
            "namespace_id": "/subscriptions/641ae132-af2a-454d-b985-964bc2c2d392/resourceGroups/test-a2-terraform-servicebus/providers/Microsoft.ServiceBus/namespaces/test-a2-servicebus-namespace",
            "namespace_name": "test-a2-servicebus-namespace",
            "requires_duplicate_detection": false,
            "requires_session": false,
            "resource_group_name": "test-a2-terraform-servicebus",
            "status": "Active",
            "timeouts": null
          },
          "sensitive_attributes": [],
          "private": "eyJlMmJmYjczMC1lY2FhLTExZTYtOGY4OC0zNDM2M2JjN2M0YzAiOnsiY3JlYXRlIjoxODAwMDAwMDAwMDAwLCJkZWxldGUiOjE4MDAwMDAwMDAwMDAsInJlYWQiOjMwMDAwMDAwMDAwMCwidXBkYXRlIjoxODAwMDAwMDAwMDAwfX0=",
          "dependencies": [
            "azurerm_servicebus_namespace.tp-exercise"
          ]
        }
      ]
    }
  ],
  "check_results": null
}
