{
  "version": 4,
  "terraform_version": "1.4.2",
  "serial": 32,
  "lineage": "f9831164-8db2-4783-53ec-e119d018cc6d",
  "outputs": {},
  "resources": [
    {
      "mode": "managed",
      "type": "azurerm_management_lock",
      "name": "resource-group-level",
      "provider": "provider[\"registry.terraform.io/hashicorp/azurerm\"]",
      "instances": [
        {
          "schema_version": 0,
          "attributes": {
            "id": "/subscriptions/641ae132-af2a-454d-b985-964bc2c2d392/resourceGroups/test-tpex-terraform-servicebus/providers/Microsoft.Authorization/locks/resource-group-level",
            "lock_level": "ReadOnly",
            "name": "resource-group-level",
            "notes": "This Resource Group is Read-Only",
            "scope": "/subscriptions/641ae132-af2a-454d-b985-964bc2c2d392/resourceGroups/test-tpex-terraform-servicebus",
            "timeouts": null
          },
          "sensitive_attributes": [],
          "private": "eyJlMmJmYjczMC1lY2FhLTExZTYtOGY4OC0zNDM2M2JjN2M0YzAiOnsiY3JlYXRlIjoxODAwMDAwMDAwMDAwLCJkZWxldGUiOjE4MDAwMDAwMDAwMDAsInJlYWQiOjMwMDAwMDAwMDAwMCwidXBkYXRlIjoxODAwMDAwMDAwMDAwfX0=",
          "dependencies": [
            "azurerm_resource_group.tp-exercise"
          ]
        }
      ]
    },
    {
      "mode": "managed",
      "type": "azurerm_management_lock",
      "name": "resource-group-level2",
      "provider": "provider[\"registry.terraform.io/hashicorp/azurerm\"]",
      "instances": [
        {
          "schema_version": 0,
          "attributes": {
            "id": "/subscriptions/641ae132-af2a-454d-b985-964bc2c2d392/resourceGroups/test-tpex2-terraform-servicebus/providers/Microsoft.Authorization/locks/resource-group-level",
            "lock_level": "ReadOnly",
            "name": "resource-group-level",
            "notes": "This Resource Group is Read-Only",
            "scope": "/subscriptions/641ae132-af2a-454d-b985-964bc2c2d392/resourceGroups/test-tpex2-terraform-servicebus",
            "timeouts": null
          },
          "sensitive_attributes": [],
          "private": "eyJlMmJmYjczMC1lY2FhLTExZTYtOGY4OC0zNDM2M2JjN2M0YzAiOnsiY3JlYXRlIjoxODAwMDAwMDAwMDAwLCJkZWxldGUiOjE4MDAwMDAwMDAwMDAsInJlYWQiOjMwMDAwMDAwMDAwMCwidXBkYXRlIjoxODAwMDAwMDAwMDAwfX0=",
          "dependencies": [
            "azurerm_resource_group.tp-exercise2"
          ]
        }
      ]
    },
    {
      "mode": "managed",
      "type": "azurerm_resource_group",
      "name": "tp-exercise",
      "provider": "provider[\"registry.terraform.io/hashicorp/azurerm\"]",
      "instances": [
        {
          "schema_version": 0,
          "attributes": {
            "id": "/subscriptions/641ae132-af2a-454d-b985-964bc2c2d392/resourceGroups/test-tpex-terraform-servicebus",
            "location": "westeurope",
            "name": "test-tpex-terraform-servicebus",
            "tags": {},
            "timeouts": null
          },
          "sensitive_attributes": [],
          "private": "eyJlMmJmYjczMC1lY2FhLTExZTYtOGY4OC0zNDM2M2JjN2M0YzAiOnsiY3JlYXRlIjo1NDAwMDAwMDAwMDAwLCJkZWxldGUiOjU0MDAwMDAwMDAwMDAsInJlYWQiOjMwMDAwMDAwMDAwMCwidXBkYXRlIjo1NDAwMDAwMDAwMDAwfX0="
        }
      ]
    },
    {
      "mode": "managed",
      "type": "azurerm_resource_group",
      "name": "tp-exercise2",
      "provider": "provider[\"registry.terraform.io/hashicorp/azurerm\"]",
      "instances": [
        {
          "schema_version": 0,
          "attributes": {
            "id": "/subscriptions/641ae132-af2a-454d-b985-964bc2c2d392/resourceGroups/test-tpex2-terraform-servicebus",
            "location": "westeurope",
            "name": "test-tpex2-terraform-servicebus",
            "tags": {},
            "timeouts": null
          },
          "sensitive_attributes": [],
          "private": "eyJlMmJmYjczMC1lY2FhLTExZTYtOGY4OC0zNDM2M2JjN2M0YzAiOnsiY3JlYXRlIjo1NDAwMDAwMDAwMDAwLCJkZWxldGUiOjU0MDAwMDAwMDAwMDAsInJlYWQiOjMwMDAwMDAwMDAwMCwidXBkYXRlIjo1NDAwMDAwMDAwMDAwfX0="
        }
      ]
    },
    {
      "mode": "managed",
      "type": "azurerm_servicebus_namespace",
      "name": "tp-exercise",
      "provider": "provider[\"registry.terraform.io/hashicorp/azurerm\"]",
      "instances": [
        {
          "schema_version": 1,
          "attributes": {
            "capacity": 0,
            "default_primary_connection_string": "Endpoint=sb://test-tpex-servicebus-namespace.servicebus.windows.net/;SharedAccessKeyName=RootManageSharedAccessKey;SharedAccessKey=XE/TtslDgPsQmf87wXzIyZaFdPwgKV5/g+ASbDwQllY=",
            "default_primary_key": "XE/TtslDgPsQmf87wXzIyZaFdPwgKV5/g+ASbDwQllY=",
            "default_secondary_connection_string": "Endpoint=sb://test-tpex-servicebus-namespace.servicebus.windows.net/;SharedAccessKeyName=RootManageSharedAccessKey;SharedAccessKey=FcdGxwKWVgJYdlUJKROq+yL8ng1UwszeV+ASbC7SWpM=",
            "default_secondary_key": "FcdGxwKWVgJYdlUJKROq+yL8ng1UwszeV+ASbC7SWpM=",
            "id": "/subscriptions/641ae132-af2a-454d-b985-964bc2c2d392/resourceGroups/test-tpex-terraform-servicebus/providers/Microsoft.ServiceBus/namespaces/test-tpex-servicebus-namespace",
            "identity": [],
            "location": "westeurope",
            "name": "test-tpex-servicebus-namespace",
            "resource_group_name": "test-tpex-terraform-servicebus",
            "sku": "Standard",
            "tags": {
              "costcentre": "test-terraform",
              "productname": "tp-exercise"
            },
            "timeouts": null,
            "zone_redundant": false
          },
          "sensitive_attributes": [],
          "private": "eyJlMmJmYjczMC1lY2FhLTExZTYtOGY4OC0zNDM2M2JjN2M0YzAiOnsiY3JlYXRlIjoxODAwMDAwMDAwMDAwLCJkZWxldGUiOjE4MDAwMDAwMDAwMDAsInJlYWQiOjMwMDAwMDAwMDAwMCwidXBkYXRlIjoxODAwMDAwMDAwMDAwfSwic2NoZW1hX3ZlcnNpb24iOiIxIn0=",
          "dependencies": [
            "azurerm_resource_group.tp-exercise"
          ]
        }
      ]
    },
    {
      "mode": "managed",
      "type": "azurerm_servicebus_namespace",
      "name": "tp-exercise2",
      "provider": "provider[\"registry.terraform.io/hashicorp/azurerm\"]",
      "instances": [
        {
          "schema_version": 1,
          "attributes": {
            "capacity": 0,
            "default_primary_connection_string": "Endpoint=sb://test-tpex2-servicebus-namespace.servicebus.windows.net/;SharedAccessKeyName=RootManageSharedAccessKey;SharedAccessKey=0ptzyQA1cEALk7MU2Gz88U+Ay8n1HSLoa+ASbBtNYZc=",
            "default_primary_key": "0ptzyQA1cEALk7MU2Gz88U+Ay8n1HSLoa+ASbBtNYZc=",
            "default_secondary_connection_string": "Endpoint=sb://test-tpex2-servicebus-namespace.servicebus.windows.net/;SharedAccessKeyName=RootManageSharedAccessKey;SharedAccessKey=FEPhkVQ1NPbNMxtrrD/OffTJmjN4L9nJw+ASbBaQ3wU=",
            "default_secondary_key": "FEPhkVQ1NPbNMxtrrD/OffTJmjN4L9nJw+ASbBaQ3wU=",
            "id": "/subscriptions/641ae132-af2a-454d-b985-964bc2c2d392/resourceGroups/test-tpex2-terraform-servicebus/providers/Microsoft.ServiceBus/namespaces/test-tpex2-servicebus-namespace",
            "identity": [],
            "location": "westeurope",
            "name": "test-tpex2-servicebus-namespace",
            "resource_group_name": "test-tpex2-terraform-servicebus",
            "sku": "Standard",
            "tags": {
              "costcentre": "test-terraform",
              "productname": "tp-exercise"
            },
            "timeouts": null,
            "zone_redundant": false
          },
          "sensitive_attributes": [],
          "private": "eyJlMmJmYjczMC1lY2FhLTExZTYtOGY4OC0zNDM2M2JjN2M0YzAiOnsiY3JlYXRlIjoxODAwMDAwMDAwMDAwLCJkZWxldGUiOjE4MDAwMDAwMDAwMDAsInJlYWQiOjMwMDAwMDAwMDAwMCwidXBkYXRlIjoxODAwMDAwMDAwMDAwfSwic2NoZW1hX3ZlcnNpb24iOiIxIn0=",
          "dependencies": [
            "azurerm_resource_group.tp-exercise2"
          ]
        }
      ]
    },
    {
      "mode": "managed",
      "type": "azurerm_servicebus_queue",
      "name": "tp-exercise",
      "provider": "provider[\"registry.terraform.io/hashicorp/azurerm\"]",
      "instances": [
        {
          "schema_version": 0,
          "attributes": {
            "auto_delete_on_idle": "P10675199DT2H48M5.4775807S",
            "dead_lettering_on_message_expiration": false,
            "default_message_ttl": "P10675199DT2H48M5.4775807S",
            "duplicate_detection_history_time_window": "PT10M",
            "enable_batched_operations": true,
            "enable_express": false,
            "enable_partitioning": true,
            "forward_dead_lettered_messages_to": "",
            "forward_to": "",
            "id": "/subscriptions/641ae132-af2a-454d-b985-964bc2c2d392/resourceGroups/test-tpex-terraform-servicebus/providers/Microsoft.ServiceBus/namespaces/test-tpex-servicebus-namespace/queues/test-tpex_servicebus_queue",
            "lock_duration": "PT1M",
            "max_delivery_count": 10,
            "max_message_size_in_kilobytes": 256,
            "max_size_in_megabytes": 5120,
            "name": "test-tpex_servicebus_queue",
            "namespace_id": "/subscriptions/641ae132-af2a-454d-b985-964bc2c2d392/resourceGroups/test-tpex-terraform-servicebus/providers/Microsoft.ServiceBus/namespaces/test-tpex-servicebus-namespace",
            "namespace_name": "test-tpex-servicebus-namespace",
            "requires_duplicate_detection": false,
            "requires_session": false,
            "resource_group_name": "test-tpex-terraform-servicebus",
            "status": "Active",
            "timeouts": null
          },
          "sensitive_attributes": [],
          "private": "eyJlMmJmYjczMC1lY2FhLTExZTYtOGY4OC0zNDM2M2JjN2M0YzAiOnsiY3JlYXRlIjoxODAwMDAwMDAwMDAwLCJkZWxldGUiOjE4MDAwMDAwMDAwMDAsInJlYWQiOjMwMDAwMDAwMDAwMCwidXBkYXRlIjoxODAwMDAwMDAwMDAwfX0=",
          "dependencies": [
            "azurerm_resource_group.tp-exercise",
            "azurerm_servicebus_namespace.tp-exercise"
          ]
        }
      ]
    },
    {
      "mode": "managed",
      "type": "azurerm_servicebus_queue",
      "name": "tp-exercise1",
      "provider": "provider[\"registry.terraform.io/hashicorp/azurerm\"]",
      "instances": [
        {
          "schema_version": 0,
          "attributes": {
            "auto_delete_on_idle": "P10675199DT2H48M5.4775807S",
            "dead_lettering_on_message_expiration": false,
            "default_message_ttl": "P10675199DT2H48M5.4775807S",
            "duplicate_detection_history_time_window": "PT10M",
            "enable_batched_operations": true,
            "enable_express": false,
            "enable_partitioning": true,
            "forward_dead_lettered_messages_to": "",
            "forward_to": "",
            "id": "/subscriptions/641ae132-af2a-454d-b985-964bc2c2d392/resourceGroups/test-tpex-terraform-servicebus/providers/Microsoft.ServiceBus/namespaces/test-tpex-servicebus-namespace/queues/test-tpex_servicebus_queue2",
            "lock_duration": "PT1M",
            "max_delivery_count": 10,
            "max_message_size_in_kilobytes": 256,
            "max_size_in_megabytes": 5120,
            "name": "test-tpex_servicebus_queue2",
            "namespace_id": "/subscriptions/641ae132-af2a-454d-b985-964bc2c2d392/resourceGroups/test-tpex-terraform-servicebus/providers/Microsoft.ServiceBus/namespaces/test-tpex-servicebus-namespace",
            "namespace_name": "test-tpex-servicebus-namespace",
            "requires_duplicate_detection": false,
            "requires_session": false,
            "resource_group_name": "test-tpex-terraform-servicebus",
            "status": "Active",
            "timeouts": null
          },
          "sensitive_attributes": [],
          "private": "eyJlMmJmYjczMC1lY2FhLTExZTYtOGY4OC0zNDM2M2JjN2M0YzAiOnsiY3JlYXRlIjoxODAwMDAwMDAwMDAwLCJkZWxldGUiOjE4MDAwMDAwMDAwMDAsInJlYWQiOjMwMDAwMDAwMDAwMCwidXBkYXRlIjoxODAwMDAwMDAwMDAwfX0=",
          "dependencies": [
            "azurerm_resource_group.tp-exercise",
            "azurerm_servicebus_namespace.tp-exercise"
          ]
        }
      ]
    },
    {
      "mode": "managed",
      "type": "azurerm_servicebus_queue",
      "name": "tp-exercise2",
      "provider": "provider[\"registry.terraform.io/hashicorp/azurerm\"]",
      "instances": [
        {
          "schema_version": 0,
          "attributes": {
            "auto_delete_on_idle": "P10675199DT2H48M5.4775807S",
            "dead_lettering_on_message_expiration": false,
            "default_message_ttl": "P10675199DT2H48M5.4775807S",
            "duplicate_detection_history_time_window": "PT10M",
            "enable_batched_operations": true,
            "enable_express": false,
            "enable_partitioning": true,
            "forward_dead_lettered_messages_to": "",
            "forward_to": "",
            "id": "/subscriptions/641ae132-af2a-454d-b985-964bc2c2d392/resourceGroups/test-tpex2-terraform-servicebus/providers/Microsoft.ServiceBus/namespaces/test-tpex2-servicebus-namespace/queues/test-tpex2_servicebus_queue",
            "lock_duration": "PT1M",
            "max_delivery_count": 10,
            "max_message_size_in_kilobytes": 256,
            "max_size_in_megabytes": 5120,
            "name": "test-tpex2_servicebus_queue",
            "namespace_id": "/subscriptions/641ae132-af2a-454d-b985-964bc2c2d392/resourceGroups/test-tpex2-terraform-servicebus/providers/Microsoft.ServiceBus/namespaces/test-tpex2-servicebus-namespace",
            "namespace_name": "test-tpex2-servicebus-namespace",
            "requires_duplicate_detection": false,
            "requires_session": false,
            "resource_group_name": "test-tpex2-terraform-servicebus",
            "status": "Active",
            "timeouts": null
          },
          "sensitive_attributes": [],
          "private": "eyJlMmJmYjczMC1lY2FhLTExZTYtOGY4OC0zNDM2M2JjN2M0YzAiOnsiY3JlYXRlIjoxODAwMDAwMDAwMDAwLCJkZWxldGUiOjE4MDAwMDAwMDAwMDAsInJlYWQiOjMwMDAwMDAwMDAwMCwidXBkYXRlIjoxODAwMDAwMDAwMDAwfX0=",
          "dependencies": [
            "azurerm_resource_group.tp-exercise2",
            "azurerm_servicebus_namespace.tp-exercise2"
          ]
        }
      ]
    },
    {
      "mode": "managed",
      "type": "azurerm_servicebus_queue",
      "name": "tp-exercise2-1",
      "provider": "provider[\"registry.terraform.io/hashicorp/azurerm\"]",
      "instances": [
        {
          "schema_version": 0,
          "attributes": {
            "auto_delete_on_idle": "P10675199DT2H48M5.4775807S",
            "dead_lettering_on_message_expiration": false,
            "default_message_ttl": "P10675199DT2H48M5.4775807S",
            "duplicate_detection_history_time_window": "PT10M",
            "enable_batched_operations": true,
            "enable_express": false,
            "enable_partitioning": true,
            "forward_dead_lettered_messages_to": "",
            "forward_to": "",
            "id": "/subscriptions/641ae132-af2a-454d-b985-964bc2c2d392/resourceGroups/test-tpex2-terraform-servicebus/providers/Microsoft.ServiceBus/namespaces/test-tpex2-servicebus-namespace/queues/test-tpex2_servicebus_queue2",
            "lock_duration": "PT1M",
            "max_delivery_count": 10,
            "max_message_size_in_kilobytes": 256,
            "max_size_in_megabytes": 5120,
            "name": "test-tpex2_servicebus_queue2",
            "namespace_id": "/subscriptions/641ae132-af2a-454d-b985-964bc2c2d392/resourceGroups/test-tpex2-terraform-servicebus/providers/Microsoft.ServiceBus/namespaces/test-tpex2-servicebus-namespace",
            "namespace_name": "test-tpex2-servicebus-namespace",
            "requires_duplicate_detection": false,
            "requires_session": false,
            "resource_group_name": "test-tpex2-terraform-servicebus",
            "status": "Active",
            "timeouts": null
          },
          "sensitive_attributes": [],
          "private": "eyJlMmJmYjczMC1lY2FhLTExZTYtOGY4OC0zNDM2M2JjN2M0YzAiOnsiY3JlYXRlIjoxODAwMDAwMDAwMDAwLCJkZWxldGUiOjE4MDAwMDAwMDAwMDAsInJlYWQiOjMwMDAwMDAwMDAwMCwidXBkYXRlIjoxODAwMDAwMDAwMDAwfX0=",
          "dependencies": [
            "azurerm_resource_group.tp-exercise2",
            "azurerm_servicebus_namespace.tp-exercise2"
          ]
        }
      ]
    }
  ],
  "check_results": null
}
