{
  "version": 4,
  "terraform_version": "1.4.2",
  "serial": 21,
  "lineage": "f9b67a6e-b437-5ca3-fd08-441f87e94754",
  "outputs": {},
  "resources": [
    {
      "mode": "managed",
      "type": "azurerm_management_lock",
      "name": "resource-group-level",
      "provider": "provider[\"registry.terraform.io/hashicorp/azurerm\"]",
      "instances": [
        {
          "schema_version": 0,
          "attributes": {
            "id": "/subscriptions/641ae132-af2a-454d-b985-964bc2c2d392/resourceGroups/staging-tpex-terraform-servicebus/providers/Microsoft.Authorization/locks/resource-group-level",
            "lock_level": "ReadOnly",
            "name": "resource-group-level",
            "notes": "This Resource Group is Read-Only",
            "scope": "/subscriptions/641ae132-af2a-454d-b985-964bc2c2d392/resourceGroups/staging-tpex-terraform-servicebus",
            "timeouts": null
          },
          "sensitive_attributes": [],
          "private": "eyJlMmJmYjczMC1lY2FhLTExZTYtOGY4OC0zNDM2M2JjN2M0YzAiOnsiY3JlYXRlIjoxODAwMDAwMDAwMDAwLCJkZWxldGUiOjE4MDAwMDAwMDAwMDAsInJlYWQiOjMwMDAwMDAwMDAwMCwidXBkYXRlIjoxODAwMDAwMDAwMDAwfX0=",
          "dependencies": [
            "azurerm_resource_group.tp-exercise"
          ]
        }
      ]
    },
    {
      "mode": "managed",
      "type": "azurerm_management_lock",
      "name": "resource-group-level2",
      "provider": "provider[\"registry.terraform.io/hashicorp/azurerm\"]",
      "instances": [
        {
          "schema_version": 0,
          "attributes": {
            "id": "/subscriptions/641ae132-af2a-454d-b985-964bc2c2d392/resourceGroups/staging-tpex2-terraform-servicebus/providers/Microsoft.Authorization/locks/resource-group-level",
            "lock_level": "ReadOnly",
            "name": "resource-group-level",
            "notes": "This Resource Group is Read-Only",
            "scope": "/subscriptions/641ae132-af2a-454d-b985-964bc2c2d392/resourceGroups/staging-tpex2-terraform-servicebus",
            "timeouts": null
          },
          "sensitive_attributes": [],
          "private": "eyJlMmJmYjczMC1lY2FhLTExZTYtOGY4OC0zNDM2M2JjN2M0YzAiOnsiY3JlYXRlIjoxODAwMDAwMDAwMDAwLCJkZWxldGUiOjE4MDAwMDAwMDAwMDAsInJlYWQiOjMwMDAwMDAwMDAwMCwidXBkYXRlIjoxODAwMDAwMDAwMDAwfX0=",
          "dependencies": [
            "azurerm_resource_group.tp-exercise2"
          ]
        }
      ]
    },
    {
      "mode": "managed",
      "type": "azurerm_resource_group",
      "name": "tp-exercise",
      "provider": "provider[\"registry.terraform.io/hashicorp/azurerm\"]",
      "instances": [
        {
          "schema_version": 0,
          "attributes": {
            "id": "/subscriptions/641ae132-af2a-454d-b985-964bc2c2d392/resourceGroups/staging-tpex-terraform-servicebus",
            "location": "westeurope",
            "name": "staging-tpex-terraform-servicebus",
            "tags": {},
            "timeouts": null
          },
          "sensitive_attributes": [],
          "private": "eyJlMmJmYjczMC1lY2FhLTExZTYtOGY4OC0zNDM2M2JjN2M0YzAiOnsiY3JlYXRlIjo1NDAwMDAwMDAwMDAwLCJkZWxldGUiOjU0MDAwMDAwMDAwMDAsInJlYWQiOjMwMDAwMDAwMDAwMCwidXBkYXRlIjo1NDAwMDAwMDAwMDAwfX0="
        }
      ]
    },
    {
      "mode": "managed",
      "type": "azurerm_resource_group",
      "name": "tp-exercise2",
      "provider": "provider[\"registry.terraform.io/hashicorp/azurerm\"]",
      "instances": [
        {
          "schema_version": 0,
          "attributes": {
            "id": "/subscriptions/641ae132-af2a-454d-b985-964bc2c2d392/resourceGroups/staging-tpex2-terraform-servicebus",
            "location": "westeurope",
            "name": "staging-tpex2-terraform-servicebus",
            "tags": {},
            "timeouts": null
          },
          "sensitive_attributes": [],
          "private": "eyJlMmJmYjczMC1lY2FhLTExZTYtOGY4OC0zNDM2M2JjN2M0YzAiOnsiY3JlYXRlIjo1NDAwMDAwMDAwMDAwLCJkZWxldGUiOjU0MDAwMDAwMDAwMDAsInJlYWQiOjMwMDAwMDAwMDAwMCwidXBkYXRlIjo1NDAwMDAwMDAwMDAwfX0="
        }
      ]
    },
    {
      "mode": "managed",
      "type": "azurerm_servicebus_namespace",
      "name": "tp-exercise",
      "provider": "provider[\"registry.terraform.io/hashicorp/azurerm\"]",
      "instances": [
        {
          "schema_version": 1,
          "attributes": {
            "capacity": 0,
            "default_primary_connection_string": "Endpoint=sb://staging-tpex-servicebus-namespace.servicebus.windows.net/;SharedAccessKeyName=RootManageSharedAccessKey;SharedAccessKey=8L5ntPYpmv9vZyG2lD59WSCljyNY9xnSo+ASbAeol3Q=",
            "default_primary_key": "8L5ntPYpmv9vZyG2lD59WSCljyNY9xnSo+ASbAeol3Q=",
            "default_secondary_connection_string": "Endpoint=sb://staging-tpex-servicebus-namespace.servicebus.windows.net/;SharedAccessKeyName=RootManageSharedAccessKey;SharedAccessKey=YZaUO3EB8JxWmaieZkXQxa4mKxH9gx7Tu+ASbKFlUfg=",
            "default_secondary_key": "YZaUO3EB8JxWmaieZkXQxa4mKxH9gx7Tu+ASbKFlUfg=",
            "id": "/subscriptions/641ae132-af2a-454d-b985-964bc2c2d392/resourceGroups/staging-tpex-terraform-servicebus/providers/Microsoft.ServiceBus/namespaces/staging-tpex-servicebus-namespace",
            "identity": [],
            "location": "westeurope",
            "name": "staging-tpex-servicebus-namespace",
            "resource_group_name": "staging-tpex-terraform-servicebus",
            "sku": "Standard",
            "tags": {
              "costcentre": "staging-terraform",
              "productname": "tp-exercise"
            },
            "timeouts": null,
            "zone_redundant": false
          },
          "sensitive_attributes": [],
          "private": "eyJlMmJmYjczMC1lY2FhLTExZTYtOGY4OC0zNDM2M2JjN2M0YzAiOnsiY3JlYXRlIjoxODAwMDAwMDAwMDAwLCJkZWxldGUiOjE4MDAwMDAwMDAwMDAsInJlYWQiOjMwMDAwMDAwMDAwMCwidXBkYXRlIjoxODAwMDAwMDAwMDAwfSwic2NoZW1hX3ZlcnNpb24iOiIxIn0=",
          "dependencies": [
            "azurerm_resource_group.tp-exercise"
          ]
        }
      ]
    },
    {
      "mode": "managed",
      "type": "azurerm_servicebus_namespace",
      "name": "tp-exercise2",
      "provider": "provider[\"registry.terraform.io/hashicorp/azurerm\"]",
      "instances": [
        {
          "schema_version": 1,
          "attributes": {
            "capacity": 0,
            "default_primary_connection_string": "Endpoint=sb://staging-tpex2-servicebus-namespace.servicebus.windows.net/;SharedAccessKeyName=RootManageSharedAccessKey;SharedAccessKey=o+HgnDyY/1Lz+RnRFleqGTSlXUNCCeMj/+ASbFUf6qM=",
            "default_primary_key": "o+HgnDyY/1Lz+RnRFleqGTSlXUNCCeMj/+ASbFUf6qM=",
            "default_secondary_connection_string": "Endpoint=sb://staging-tpex2-servicebus-namespace.servicebus.windows.net/;SharedAccessKeyName=RootManageSharedAccessKey;SharedAccessKey=DU057u0m/w1meptehscIzQxEUDwIJhyTv+ASbME94rA=",
            "default_secondary_key": "DU057u0m/w1meptehscIzQxEUDwIJhyTv+ASbME94rA=",
            "id": "/subscriptions/641ae132-af2a-454d-b985-964bc2c2d392/resourceGroups/staging-tpex2-terraform-servicebus/providers/Microsoft.ServiceBus/namespaces/staging-tpex2-servicebus-namespace",
            "identity": [],
            "location": "westeurope",
            "name": "staging-tpex2-servicebus-namespace",
            "resource_group_name": "staging-tpex2-terraform-servicebus",
            "sku": "Standard",
            "tags": {
              "costcentre": "staging-terraform",
              "productname": "tp-exercise"
            },
            "timeouts": null,
            "zone_redundant": false
          },
          "sensitive_attributes": [],
          "private": "eyJlMmJmYjczMC1lY2FhLTExZTYtOGY4OC0zNDM2M2JjN2M0YzAiOnsiY3JlYXRlIjoxODAwMDAwMDAwMDAwLCJkZWxldGUiOjE4MDAwMDAwMDAwMDAsInJlYWQiOjMwMDAwMDAwMDAwMCwidXBkYXRlIjoxODAwMDAwMDAwMDAwfSwic2NoZW1hX3ZlcnNpb24iOiIxIn0=",
          "dependencies": [
            "azurerm_resource_group.tp-exercise2"
          ]
        }
      ]
    },
    {
      "mode": "managed",
      "type": "azurerm_servicebus_queue",
      "name": "tp-exercise",
      "provider": "provider[\"registry.terraform.io/hashicorp/azurerm\"]",
      "instances": [
        {
          "schema_version": 0,
          "attributes": {
            "auto_delete_on_idle": "P10675199DT2H48M5.4775807S",
            "dead_lettering_on_message_expiration": false,
            "default_message_ttl": "P10675199DT2H48M5.4775807S",
            "duplicate_detection_history_time_window": "PT10M",
            "enable_batched_operations": true,
            "enable_express": false,
            "enable_partitioning": true,
            "forward_dead_lettered_messages_to": "",
            "forward_to": "",
            "id": "/subscriptions/641ae132-af2a-454d-b985-964bc2c2d392/resourceGroups/staging-tpex-terraform-servicebus/providers/Microsoft.ServiceBus/namespaces/staging-tpex-servicebus-namespace/queues/staging-tpex_servicebus_queue",
            "lock_duration": "PT1M",
            "max_delivery_count": 10,
            "max_message_size_in_kilobytes": 256,
            "max_size_in_megabytes": 5120,
            "name": "staging-tpex_servicebus_queue",
            "namespace_id": "/subscriptions/641ae132-af2a-454d-b985-964bc2c2d392/resourceGroups/staging-tpex-terraform-servicebus/providers/Microsoft.ServiceBus/namespaces/staging-tpex-servicebus-namespace",
            "namespace_name": "staging-tpex-servicebus-namespace",
            "requires_duplicate_detection": false,
            "requires_session": false,
            "resource_group_name": "staging-tpex-terraform-servicebus",
            "status": "Active",
            "timeouts": null
          },
          "sensitive_attributes": [],
          "private": "eyJlMmJmYjczMC1lY2FhLTExZTYtOGY4OC0zNDM2M2JjN2M0YzAiOnsiY3JlYXRlIjoxODAwMDAwMDAwMDAwLCJkZWxldGUiOjE4MDAwMDAwMDAwMDAsInJlYWQiOjMwMDAwMDAwMDAwMCwidXBkYXRlIjoxODAwMDAwMDAwMDAwfX0=",
          "dependencies": [
            "azurerm_resource_group.tp-exercise",
            "azurerm_servicebus_namespace.tp-exercise"
          ]
        }
      ]
    },
    {
      "mode": "managed",
      "type": "azurerm_servicebus_queue",
      "name": "tp-exercise1",
      "provider": "provider[\"registry.terraform.io/hashicorp/azurerm\"]",
      "instances": [
        {
          "schema_version": 0,
          "attributes": {
            "auto_delete_on_idle": "P10675199DT2H48M5.4775807S",
            "dead_lettering_on_message_expiration": false,
            "default_message_ttl": "P10675199DT2H48M5.4775807S",
            "duplicate_detection_history_time_window": "PT10M",
            "enable_batched_operations": true,
            "enable_express": false,
            "enable_partitioning": true,
            "forward_dead_lettered_messages_to": "",
            "forward_to": "",
            "id": "/subscriptions/641ae132-af2a-454d-b985-964bc2c2d392/resourceGroups/staging-tpex-terraform-servicebus/providers/Microsoft.ServiceBus/namespaces/staging-tpex-servicebus-namespace/queues/staging-tpex_servicebus_queue2",
            "lock_duration": "PT1M",
            "max_delivery_count": 10,
            "max_message_size_in_kilobytes": 256,
            "max_size_in_megabytes": 5120,
            "name": "staging-tpex_servicebus_queue2",
            "namespace_id": "/subscriptions/641ae132-af2a-454d-b985-964bc2c2d392/resourceGroups/staging-tpex-terraform-servicebus/providers/Microsoft.ServiceBus/namespaces/staging-tpex-servicebus-namespace",
            "namespace_name": "staging-tpex-servicebus-namespace",
            "requires_duplicate_detection": false,
            "requires_session": false,
            "resource_group_name": "staging-tpex-terraform-servicebus",
            "status": "Active",
            "timeouts": null
          },
          "sensitive_attributes": [],
          "private": "eyJlMmJmYjczMC1lY2FhLTExZTYtOGY4OC0zNDM2M2JjN2M0YzAiOnsiY3JlYXRlIjoxODAwMDAwMDAwMDAwLCJkZWxldGUiOjE4MDAwMDAwMDAwMDAsInJlYWQiOjMwMDAwMDAwMDAwMCwidXBkYXRlIjoxODAwMDAwMDAwMDAwfX0=",
          "dependencies": [
            "azurerm_resource_group.tp-exercise",
            "azurerm_servicebus_namespace.tp-exercise"
          ]
        }
      ]
    },
    {
      "mode": "managed",
      "type": "azurerm_servicebus_queue",
      "name": "tp-exercise2",
      "provider": "provider[\"registry.terraform.io/hashicorp/azurerm\"]",
      "instances": [
        {
          "schema_version": 0,
          "attributes": {
            "auto_delete_on_idle": "P10675199DT2H48M5.4775807S",
            "dead_lettering_on_message_expiration": false,
            "default_message_ttl": "P10675199DT2H48M5.4775807S",
            "duplicate_detection_history_time_window": "PT10M",
            "enable_batched_operations": true,
            "enable_express": false,
            "enable_partitioning": true,
            "forward_dead_lettered_messages_to": "",
            "forward_to": "",
            "id": "/subscriptions/641ae132-af2a-454d-b985-964bc2c2d392/resourceGroups/staging-tpex2-terraform-servicebus/providers/Microsoft.ServiceBus/namespaces/staging-tpex2-servicebus-namespace/queues/staging-tpex2_servicebus_queue",
            "lock_duration": "PT1M",
            "max_delivery_count": 10,
            "max_message_size_in_kilobytes": 256,
            "max_size_in_megabytes": 5120,
            "name": "staging-tpex2_servicebus_queue",
            "namespace_id": "/subscriptions/641ae132-af2a-454d-b985-964bc2c2d392/resourceGroups/staging-tpex2-terraform-servicebus/providers/Microsoft.ServiceBus/namespaces/staging-tpex2-servicebus-namespace",
            "namespace_name": "staging-tpex2-servicebus-namespace",
            "requires_duplicate_detection": false,
            "requires_session": false,
            "resource_group_name": "staging-tpex2-terraform-servicebus",
            "status": "Active",
            "timeouts": null
          },
          "sensitive_attributes": [],
          "private": "eyJlMmJmYjczMC1lY2FhLTExZTYtOGY4OC0zNDM2M2JjN2M0YzAiOnsiY3JlYXRlIjoxODAwMDAwMDAwMDAwLCJkZWxldGUiOjE4MDAwMDAwMDAwMDAsInJlYWQiOjMwMDAwMDAwMDAwMCwidXBkYXRlIjoxODAwMDAwMDAwMDAwfX0=",
          "dependencies": [
            "azurerm_resource_group.tp-exercise2",
            "azurerm_servicebus_namespace.tp-exercise2"
          ]
        }
      ]
    },
    {
      "mode": "managed",
      "type": "azurerm_servicebus_queue",
      "name": "tp-exercise2-1",
      "provider": "provider[\"registry.terraform.io/hashicorp/azurerm\"]",
      "instances": [
        {
          "schema_version": 0,
          "attributes": {
            "auto_delete_on_idle": "P10675199DT2H48M5.4775807S",
            "dead_lettering_on_message_expiration": false,
            "default_message_ttl": "P10675199DT2H48M5.4775807S",
            "duplicate_detection_history_time_window": "PT10M",
            "enable_batched_operations": true,
            "enable_express": false,
            "enable_partitioning": true,
            "forward_dead_lettered_messages_to": "",
            "forward_to": "",
            "id": "/subscriptions/641ae132-af2a-454d-b985-964bc2c2d392/resourceGroups/staging-tpex2-terraform-servicebus/providers/Microsoft.ServiceBus/namespaces/staging-tpex2-servicebus-namespace/queues/staging-tpex2_servicebus_queue2",
            "lock_duration": "PT1M",
            "max_delivery_count": 10,
            "max_message_size_in_kilobytes": 256,
            "max_size_in_megabytes": 5120,
            "name": "staging-tpex2_servicebus_queue2",
            "namespace_id": "/subscriptions/641ae132-af2a-454d-b985-964bc2c2d392/resourceGroups/staging-tpex2-terraform-servicebus/providers/Microsoft.ServiceBus/namespaces/staging-tpex2-servicebus-namespace",
            "namespace_name": "staging-tpex2-servicebus-namespace",
            "requires_duplicate_detection": false,
            "requires_session": false,
            "resource_group_name": "staging-tpex2-terraform-servicebus",
            "status": "Active",
            "timeouts": null
          },
          "sensitive_attributes": [],
          "private": "eyJlMmJmYjczMC1lY2FhLTExZTYtOGY4OC0zNDM2M2JjN2M0YzAiOnsiY3JlYXRlIjoxODAwMDAwMDAwMDAwLCJkZWxldGUiOjE4MDAwMDAwMDAwMDAsInJlYWQiOjMwMDAwMDAwMDAwMCwidXBkYXRlIjoxODAwMDAwMDAwMDAwfX0=",
          "dependencies": [
            "azurerm_resource_group.tp-exercise2",
            "azurerm_servicebus_namespace.tp-exercise2"
          ]
        }
      ]
    }
  ],
  "check_results": null
}
